
Microsoft Visual Studio Solution File, Format Version 12.00
# Visual Studio 14
VisualStudioVersion = 14.0.25420.1
MinimumVisualStudioVersion = 10.0.40219.1
Project("{FAE04EC0-301F-11D3-BF4B-00C04F79EFBC}") = "TKSprites", "TKSprites.csproj", "{F81E9879-5A55-48EB-9C08-03589BE7DF97}"
EndProject
Project("{FAE04EC0-301F-11D3-BF4B-00C04F79EFBC}") = "ExtensionLibrary", "..\ExtensionLibrary\ExtensionLibrary.csproj", "{279CE41E-C8DC-454B-B959-FF16906A2F9B}"
EndProject
Project("{FAE04EC0-301F-11D3-BF4B-00C04F79EFBC}") = "DBG_GL", "..\DBG_GL\DBG_GL.csproj", "{F76D7F61-1E58-4BAD-9AF4-E8E696275813}"
EndProject
Global
	GlobalSection(SolutionConfigurationPlatforms) = preSolution
		Debug|Any CPU = Debug|Any CPU
		Debug|x86 = Debug|x86
		Release|Any CPU = Release|Any CPU
		Release|x86 = Release|x86
	EndGlobalSection
	GlobalSection(ProjectConfigurationPlatforms) = postSolution
		{F81E9879-5A55-48EB-9C08-03589BE7DF97}.Debug|Any CPU.ActiveCfg = Debug|x86
		{F81E9879-5A55-48EB-9C08-03589BE7DF97}.Debug|x86.ActiveCfg = Debug|x86
		{F81E9879-5A55-48EB-9C08-03589BE7DF97}.Debug|x86.Build.0 = Debug|x86
		{F81E9879-5A55-48EB-9C08-03589BE7DF97}.Release|Any CPU.ActiveCfg = Release|x86
		{F81E9879-5A55-48EB-9C08-03589BE7DF97}.Release|x86.ActiveCfg = Release|x86
		{F81E9879-5A55-48EB-9C08-03589BE7DF97}.Release|x86.Build.0 = Release|x86
		{279CE41E-C8DC-454B-B959-FF16906A2F9B}.Debug|Any CPU.ActiveCfg = Debug|Any CPU
		{279CE41E-C8DC-454B-B959-FF16906A2F9B}.Debug|Any CPU.Build.0 = Debug|Any CPU
		{279CE41E-C8DC-454B-B959-FF16906A2F9B}.Debug|x86.ActiveCfg = Debug|Any CPU
		{279CE41E-C8DC-454B-B959-FF16906A2F9B}.Debug|x86.Build.0 = Debug|Any CPU
		{279CE41E-C8DC-454B-B959-FF16906A2F9B}.Release|Any CPU.ActiveCfg = Release|Any CPU
		{279CE41E-C8DC-454B-B959-FF16906A2F9B}.Release|Any CPU.Build.0 = Release|Any CPU
		{279CE41E-C8DC-454B-B959-FF16906A2F9B}.Release|x86.ActiveCfg = Release|Any CPU
		{279CE41E-C8DC-454B-B959-FF16906A2F9B}.Release|x86.Build.0 = Release|Any CPU
		{F76D7F61-1E58-4BAD-9AF4-E8E696275813}.Debug|Any CPU.ActiveCfg = Debug|Any CPU
		{F76D7F61-1E58-4BAD-9AF4-E8E696275813}.Debug|Any CPU.Build.0 = Debug|Any CPU
		{F76D7F61-1E58-4BAD-9AF4-E8E696275813}.Debug|x86.ActiveCfg = Debug|Any CPU
		{F76D7F61-1E58-4BAD-9AF4-E8E696275813}.Debug|x86.Build.0 = Debug|Any CPU
		{F76D7F61-1E58-4BAD-9AF4-E8E696275813}.Release|Any CPU.ActiveCfg = Release|Any CPU
		{F76D7F61-1E58-4BAD-9AF4-E8E696275813}.Release|Any CPU.Build.0 = Release|Any CPU
		{F76D7F61-1E58-4BAD-9AF4-E8E696275813}.Release|x86.ActiveCfg = Release|Any CPU
		{F76D7F61-1E58-4BAD-9AF4-E8E696275813}.Release|x86.Build.0 = Release|Any CPU
	EndGlobalSection
	GlobalSection(SolutionProperties) = preSolution
		HideSolutionNode = FALSE
	EndGlobalSection
EndGlobal
